<?xml version="1.0" encoding="utf-8"?>
<Project ToolsVersion="4.0" xmlns="http://schemas.microsoft.com/developer/msbuild/2003">
  <ItemGroup>
    <Filter Include="Source Files">
      <UniqueIdentifier>{4FC737F1-C7A5-4376-A066-2A32D752A2FF}</UniqueIdentifier>
      <Extensions>cpp;c;cc;cxx;c++;cppm;ixx;def;odl;idl;hpj;bat;asm;asmx</Extensions>
    </Filter>
    <Filter Include="Header Files">
      <UniqueIdentifier>{93995380-89BD-4b04-88EB-625FBE52EBFB}</UniqueIdentifier>
      <Extensions>h;hh;hpp;hxx;h++;hm;inl;inc;ipp;xsd</Extensions>
    </Filter>
    <Filter Include="Resource Files">
      <UniqueIdentifier>{67DA6AB6-F800-4c08-8B7A-83BB121AAD01}</UniqueIdentifier>
      <Extensions>rc;ico;cur;bmp;dlg;rc2;rct;bin;rgs;gif;jpg;jpeg;jpe;resx;tiff;tif;png;wav;mfcribbon-ms</Extensions>
    </Filter>
  </ItemGroup>
  <ItemGroup>
    <CudaCompile Include="src\main.cu" />
    <CudaCompile Include="src\graph\graph_d.cu" />
    <CudaCompile Include="src\Colorer.cu" />
    <CudaCompile Include="src\graph\graph.cu">
      <Filter>Source Files</Filter>
    </CudaCompile>
    <CudaCompile Include="src\old\OldColorer.cu" />
    <CudaCompile Include="src\IncidenceColorer.cu" />
    <CudaCompile Include="src\SaturationColorer.cu" />
    <CudaCompile Include="src\SmallestDegreeLast.cu" />
    <CudaCompile Include="src\RandomPriorityColorer.cu" />
    <CudaCompile Include="src\LargestDegreeFirst.cu" />
  </ItemGroup>
  <ItemGroup>
    <ClInclude Include="src\Colorer.h">
      <Filter>Header Files</Filter>
    </ClInclude>
    <ClInclude Include="src\utils\common.h">
      <Filter>Header Files</Filter>
    </ClInclude>
    <ClInclude Include="src\graph\graph.h">
      <Filter>Header Files</Filter>
    </ClInclude>
    <ClInclude Include="src\graph\graph_d.h">
      <Filter>Header Files</Filter>
    </ClInclude>
    <ClInclude Include="src\utils\ColoringValidator.h">
      <Filter>Header Files</Filter>
    </ClInclude>
    <ClInclude Include="src\IncidenceColorer.h">
      <Filter>Header Files</Filter>
    </ClInclude>
    <ClInclude Include="src\SaturationColorer.h">
      <Filter>Header Files</Filter>
    </ClInclude>
    <ClInclude Include="src\SmallestDegreeLast.h">
      <Filter>Header Files</Filter>
    </ClInclude>
    <ClInclude Include="src\SequentialGreedyColorer.h">
      <Filter>Header Files</Filter>
    </ClInclude>
    <ClInclude Include="src\RandomPriorityColorer.h">
      <Filter>Header Files</Filter>
    </ClInclude>
    <ClInclude Include="src\LargestDegreeFirst.h">
      <Filter>Header Files</Filter>
    </ClInclude>
  </ItemGroup>
  <ItemGroup>
    <ClCompile Include="src\SequentialGreedyColorer.cpp">
      <Filter>Source Files</Filter>
    </ClCompile>
  </ItemGroup>
</Project>